
Microsoft Visual Studio Solution File, Format Version 12.00
# Visual Studio Version 16
VisualStudioVersion = 16.0.29306.81
MinimumVisualStudioVersion = 10.0.40219.1
Project("{FAE04EC0-301F-11D3-BF4B-00C04F79EFBC}") = "WpfApp1", "WpfApp1\WpfApp1.csproj", "{C35134C3-4D27-421A-A362-6C063A225AA3}"
EndProject
Project("{FAE04EC0-301F-11D3-BF4B-00C04F79EFBC}") = "EntidadesDeProyecto", "EntidadesDeProyecto\EntidadesDeProyecto.csproj", "{FED167DF-B842-430F-B1C7-FE5309B8C0C9}"
EndProject
Global
	GlobalSection(SolutionConfigurationPlatforms) = preSolution
		Debug|Any CPU = Debug|Any CPU
		Release|Any CPU = Release|Any CPU
	EndGlobalSection
	GlobalSection(ProjectConfigurationPlatforms) = postSolution
		{C35134C3-4D27-421A-A362-6C063A225AA3}.Debug|Any CPU.ActiveCfg = Debug|Any CPU
		{C35134C3-4D27-421A-A362-6C063A225AA3}.Debug|Any CPU.Build.0 = Debug|Any CPU
		{C35134C3-4D27-421A-A362-6C063A225AA3}.Release|Any CPU.ActiveCfg = Release|Any CPU
		{C35134C3-4D27-421A-A362-6C063A225AA3}.Release|Any CPU.Build.0 = Release|Any CPU
		{FED167DF-B842-430F-B1C7-FE5309B8C0C9}.Debug|Any CPU.ActiveCfg = Debug|Any CPU
		{FED167DF-B842-430F-B1C7-FE5309B8C0C9}.Debug|Any CPU.Build.0 = Debug|Any CPU
		{FED167DF-B842-430F-B1C7-FE5309B8C0C9}.Release|Any CPU.ActiveCfg = Release|Any CPU
		{FED167DF-B842-430F-B1C7-FE5309B8C0C9}.Release|Any CPU.Build.0 = Release|Any CPU
	EndGlobalSection
	GlobalSection(SolutionProperties) = preSolution
		HideSolutionNode = FALSE
	EndGlobalSection
	GlobalSection(ExtensibilityGlobals) = postSolution
		SolutionGuid = {4440F30A-06BA-416C-B31B-AA4D86BD9E42}
	EndGlobalSection
EndGlobal
